
Microsoft Visual Studio Solution File, Format Version 12.00
# Visual Studio Version 17
VisualStudioVersion = 17.0.31903.59
MinimumVisualStudioVersion = 10.0.40219.1
Project("{FAE04EC0-301F-11D3-BF4B-00C04F79EFBC}") = "API", "API\API.csproj", "{3FAE3681-2CA8-4059-8FEA-D2F2B373B0F4}"
EndProject
Project("{FAE04EC0-301F-11D3-BF4B-00C04F79EFBC}") = "Application", "Application\Application.csproj", "{9897A536-3C92-4F46-8CA8-8159A3FC3D7C}"
EndProject
Project("{FAE04EC0-301F-11D3-BF4B-00C04F79EFBC}") = "Domain", "Domain\Domain.csproj", "{2B9FA14B-775A-4CA6-8514-F7A8CFD79ED7}"
EndProject
Project("{FAE04EC0-301F-11D3-BF4B-00C04F79EFBC}") = "Persistence", "Persistence\Persistence.csproj", "{47A94986-8AFF-4364-836B-F694C162D0F3}"
EndProject
Global
	GlobalSection(SolutionConfigurationPlatforms) = preSolution
		Debug|Any CPU = Debug|Any CPU
		Release|Any CPU = Release|Any CPU
	EndGlobalSection
	GlobalSection(SolutionProperties) = preSolution
		HideSolutionNode = FALSE
	EndGlobalSection
	GlobalSection(ProjectConfigurationPlatforms) = postSolution
		{3FAE3681-2CA8-4059-8FEA-D2F2B373B0F4}.Debug|Any CPU.ActiveCfg = Debug|Any CPU
		{3FAE3681-2CA8-4059-8FEA-D2F2B373B0F4}.Debug|Any CPU.Build.0 = Debug|Any CPU
		{3FAE3681-2CA8-4059-8FEA-D2F2B373B0F4}.Release|Any CPU.ActiveCfg = Release|Any CPU
		{3FAE3681-2CA8-4059-8FEA-D2F2B373B0F4}.Release|Any CPU.Build.0 = Release|Any CPU
		{9897A536-3C92-4F46-8CA8-8159A3FC3D7C}.Debug|Any CPU.ActiveCfg = Debug|Any CPU
		{9897A536-3C92-4F46-8CA8-8159A3FC3D7C}.Debug|Any CPU.Build.0 = Debug|Any CPU
		{9897A536-3C92-4F46-8CA8-8159A3FC3D7C}.Release|Any CPU.ActiveCfg = Release|Any CPU
		{9897A536-3C92-4F46-8CA8-8159A3FC3D7C}.Release|Any CPU.Build.0 = Release|Any CPU
		{2B9FA14B-775A-4CA6-8514-F7A8CFD79ED7}.Debug|Any CPU.ActiveCfg = Debug|Any CPU
		{2B9FA14B-775A-4CA6-8514-F7A8CFD79ED7}.Debug|Any CPU.Build.0 = Debug|Any CPU
		{2B9FA14B-775A-4CA6-8514-F7A8CFD79ED7}.Release|Any CPU.ActiveCfg = Release|Any CPU
		{2B9FA14B-775A-4CA6-8514-F7A8CFD79ED7}.Release|Any CPU.Build.0 = Release|Any CPU
		{47A94986-8AFF-4364-836B-F694C162D0F3}.Debug|Any CPU.ActiveCfg = Debug|Any CPU
		{47A94986-8AFF-4364-836B-F694C162D0F3}.Debug|Any CPU.Build.0 = Debug|Any CPU
		{47A94986-8AFF-4364-836B-F694C162D0F3}.Release|Any CPU.ActiveCfg = Release|Any CPU
		{47A94986-8AFF-4364-836B-F694C162D0F3}.Release|Any CPU.Build.0 = Release|Any CPU
	EndGlobalSection
EndGlobal
